
Microsoft Visual Studio Solution File, Format Version 12.00
# Visual Studio Version 16
VisualStudioVersion = 16.0.31424.327
MinimumVisualStudioVersion = 10.0.40219.1
Project("{888888A0-9F3D-457C-B088-3A5042F75D52}") = "MP3 audio player side project", "MP3 audio player side project\MP3 audio player side project.pyproj", "{A15F21B8-8649-4B85-979A-A2CBA0C2EC71}"
EndProject
Global
	GlobalSection(SolutionConfigurationPlatforms) = preSolution
		Debug|Any CPU = Debug|Any CPU
		Release|Any CPU = Release|Any CPU
	EndGlobalSection
	GlobalSection(ProjectConfigurationPlatforms) = postSolution
		{A15F21B8-8649-4B85-979A-A2CBA0C2EC71}.Debug|Any CPU.ActiveCfg = Debug|Any CPU
		{A15F21B8-8649-4B85-979A-A2CBA0C2EC71}.Release|Any CPU.ActiveCfg = Release|Any CPU
	EndGlobalSection
	GlobalSection(SolutionProperties) = preSolution
		HideSolutionNode = FALSE
	EndGlobalSection
	GlobalSection(ExtensibilityGlobals) = postSolution
		SolutionGuid = {42D6B607-F58C-4649-B003-5832DCE0CC1F}
	EndGlobalSection
EndGlobal
